
Microsoft Visual Studio Solution File, Format Version 12.00
# Visual Studio 15
VisualStudioVersion = 15.0.28010.2046
MinimumVisualStudioVersion = 10.0.40219.1
Project("{FAE04EC0-301F-11D3-BF4B-00C04F79EFBC}") = "DecoTools_V2.0", "DecoTools_V2.0\DecoTools_V2.0.csproj", "{8894CD23-D97C-4D6B-8E0E-6E24D7B16822}"
EndProject
Project("{54435603-DBB4-11D2-8724-00A0C9A8B90C}") = "DecoToolsSetup", "DecoToolsSetup\DecoToolsSetup.vdproj", "{05A95901-64E0-4222-B537-A3470FCFF022}"
EndProject
Global
	GlobalSection(SolutionConfigurationPlatforms) = preSolution
		Debug|Any CPU = Debug|Any CPU
		Release|Any CPU = Release|Any CPU
	EndGlobalSection
	GlobalSection(ProjectConfigurationPlatforms) = postSolution
		{8894CD23-D97C-4D6B-8E0E-6E24D7B16822}.Debug|Any CPU.ActiveCfg = Debug|Any CPU
		{8894CD23-D97C-4D6B-8E0E-6E24D7B16822}.Debug|Any CPU.Build.0 = Debug|Any CPU
		{8894CD23-D97C-4D6B-8E0E-6E24D7B16822}.Release|Any CPU.ActiveCfg = Release|Any CPU
		{8894CD23-D97C-4D6B-8E0E-6E24D7B16822}.Release|Any CPU.Build.0 = Release|Any CPU
		{05A95901-64E0-4222-B537-A3470FCFF022}.Debug|Any CPU.ActiveCfg = Debug
		{05A95901-64E0-4222-B537-A3470FCFF022}.Release|Any CPU.ActiveCfg = Release
	EndGlobalSection
	GlobalSection(SolutionProperties) = preSolution
		HideSolutionNode = FALSE
	EndGlobalSection
	GlobalSection(ExtensibilityGlobals) = postSolution
		SolutionGuid = {4E3E0F0E-5B19-4CFE-B580-DBBEE118216B}
	EndGlobalSection
EndGlobal
